
Microsoft Visual Studio Solution File, Format Version 12.00
# Visual Studio Version 17
VisualStudioVersion = 17.4.33103.184
MinimumVisualStudioVersion = 10.0.40219.1
Project("{FAE04EC0-301F-11D3-BF4B-00C04F79EFBC}") = "Calculator", "Calculator\Calculator.csproj", "{0D95481A-DDD0-49C1-9045-0A4013F3A466}"
EndProject
Project("{FAE04EC0-301F-11D3-BF4B-00C04F79EFBC}") = "Classes_k", "Classes_k\Classes_k.csproj", "{AAB0A8B4-6A10-4DEA-A235-6C818984B949}"
EndProject
Global
	GlobalSection(SolutionConfigurationPlatforms) = preSolution
		Debug|Any CPU = Debug|Any CPU
		Release|Any CPU = Release|Any CPU
	EndGlobalSection
	GlobalSection(ProjectConfigurationPlatforms) = postSolution
		{0D95481A-DDD0-49C1-9045-0A4013F3A466}.Debug|Any CPU.ActiveCfg = Debug|Any CPU
		{0D95481A-DDD0-49C1-9045-0A4013F3A466}.Debug|Any CPU.Build.0 = Debug|Any CPU
		{0D95481A-DDD0-49C1-9045-0A4013F3A466}.Release|Any CPU.ActiveCfg = Release|Any CPU
		{0D95481A-DDD0-49C1-9045-0A4013F3A466}.Release|Any CPU.Build.0 = Release|Any CPU
		{AAB0A8B4-6A10-4DEA-A235-6C818984B949}.Debug|Any CPU.ActiveCfg = Debug|Any CPU
		{AAB0A8B4-6A10-4DEA-A235-6C818984B949}.Debug|Any CPU.Build.0 = Debug|Any CPU
		{AAB0A8B4-6A10-4DEA-A235-6C818984B949}.Release|Any CPU.ActiveCfg = Release|Any CPU
		{AAB0A8B4-6A10-4DEA-A235-6C818984B949}.Release|Any CPU.Build.0 = Release|Any CPU
	EndGlobalSection
	GlobalSection(SolutionProperties) = preSolution
		HideSolutionNode = FALSE
	EndGlobalSection
	GlobalSection(ExtensibilityGlobals) = postSolution
		SolutionGuid = {861FD25B-B50E-447C-BFD3-267F772F89FC}
	EndGlobalSection
EndGlobal
